
Microsoft Visual Studio Solution File, Format Version 12.00
# Visual Studio Version 17
VisualStudioVersion = 17.0.32014.148
MinimumVisualStudioVersion = 10.0.40219.1
Project("{FAE04EC0-301F-11D3-BF4B-00C04F79EFBC}") = "HyperxHeadset", "HyperxHeadset\HyperxHeadset.csproj", "{6991E39E-9652-4477-8407-EE299E93580B}"
EndProject
Project("{FAE04EC0-301F-11D3-BF4B-00C04F79EFBC}") = "HyperxHeadset.Example", "HyperxHeadset.Example\HyperxHeadset.Example.csproj", "{EF9BBAA4-D992-42C8-9731-867BBAA94785}"
EndProject
Global
	GlobalSection(SolutionConfigurationPlatforms) = preSolution
		Debug|Any CPU = Debug|Any CPU
		Release|Any CPU = Release|Any CPU
	EndGlobalSection
	GlobalSection(ProjectConfigurationPlatforms) = postSolution
		{6991E39E-9652-4477-8407-EE299E93580B}.Debug|Any CPU.ActiveCfg = Debug|Any CPU
		{6991E39E-9652-4477-8407-EE299E93580B}.Debug|Any CPU.Build.0 = Debug|Any CPU
		{6991E39E-9652-4477-8407-EE299E93580B}.Release|Any CPU.ActiveCfg = Release|Any CPU
		{6991E39E-9652-4477-8407-EE299E93580B}.Release|Any CPU.Build.0 = Release|Any CPU
		{EF9BBAA4-D992-42C8-9731-867BBAA94785}.Debug|Any CPU.ActiveCfg = Debug|Any CPU
		{EF9BBAA4-D992-42C8-9731-867BBAA94785}.Debug|Any CPU.Build.0 = Debug|Any CPU
		{EF9BBAA4-D992-42C8-9731-867BBAA94785}.Release|Any CPU.ActiveCfg = Release|Any CPU
		{EF9BBAA4-D992-42C8-9731-867BBAA94785}.Release|Any CPU.Build.0 = Release|Any CPU
	EndGlobalSection
	GlobalSection(SolutionProperties) = preSolution
		HideSolutionNode = FALSE
	EndGlobalSection
	GlobalSection(ExtensibilityGlobals) = postSolution
		SolutionGuid = {27A28DC0-C0E3-4C18-8ED3-29C76A56A467}
	EndGlobalSection
EndGlobal
